
Microsoft Visual Studio Solution File, Format Version 12.00
# Visual Studio 15
Project("{FAE04EC0-301F-11D3-BF4B-00C04F79EFBC}") = "Assembly-CSharp", "Assembly-CSharp.csproj", "{28FCF307-BCEB-DF00-C466-08C29A16E02D}"
EndProject
Project("{FAE04EC0-301F-11D3-BF4B-00C04F79EFBC}") = "TextMeshProEffect", "TextMeshProEffect.csproj", "{90CB9769-0849-A59E-0ACC-9781F8D0D35A}"
EndProject
Project("{FAE04EC0-301F-11D3-BF4B-00C04F79EFBC}") = "TextMeshProEffect.Editor", "TextMeshProEffect.Editor.csproj", "{7792495D-B02E-9BD3-61B5-A255B9055DA6}"
EndProject
Global
	GlobalSection(SolutionConfigurationPlatforms) = preSolution
		Debug|Any CPU = Debug|Any CPU
		Release|Any CPU = Release|Any CPU
	EndGlobalSection
	GlobalSection(ProjectConfigurationPlatforms) = postSolution
		{28FCF307-BCEB-DF00-C466-08C29A16E02D}.Debug|Any CPU.ActiveCfg = Debug|Any CPU
		{28FCF307-BCEB-DF00-C466-08C29A16E02D}.Debug|Any CPU.Build.0 = Debug|Any CPU
		{28FCF307-BCEB-DF00-C466-08C29A16E02D}.Release|Any CPU.ActiveCfg = Release|Any CPU
		{28FCF307-BCEB-DF00-C466-08C29A16E02D}.Release|Any CPU.Build.0 = Release|Any CPU
		{90CB9769-0849-A59E-0ACC-9781F8D0D35A}.Debug|Any CPU.ActiveCfg = Debug|Any CPU
		{90CB9769-0849-A59E-0ACC-9781F8D0D35A}.Debug|Any CPU.Build.0 = Debug|Any CPU
		{90CB9769-0849-A59E-0ACC-9781F8D0D35A}.Release|Any CPU.ActiveCfg = Release|Any CPU
		{90CB9769-0849-A59E-0ACC-9781F8D0D35A}.Release|Any CPU.Build.0 = Release|Any CPU
		{7792495D-B02E-9BD3-61B5-A255B9055DA6}.Debug|Any CPU.ActiveCfg = Debug|Any CPU
		{7792495D-B02E-9BD3-61B5-A255B9055DA6}.Debug|Any CPU.Build.0 = Debug|Any CPU
		{7792495D-B02E-9BD3-61B5-A255B9055DA6}.Release|Any CPU.ActiveCfg = Release|Any CPU
		{7792495D-B02E-9BD3-61B5-A255B9055DA6}.Release|Any CPU.Build.0 = Release|Any CPU
	EndGlobalSection
	GlobalSection(SolutionProperties) = preSolution
		HideSolutionNode = FALSE
	EndGlobalSection
EndGlobal
